// !$*UTF8*$!
{
	archiveVersion = 1;
	classes = {
	};
	objectVersion = 50;
	objects = {

/* Begin PBXBuildFile section */
		9294B1970FF4EE0287A3CF0C /* libPods-Companion.a in Frameworks */ = {isa = PBXBuildFile; fileRef = 093B16A8B00EA66885C44BCB /* libPods-Companion.a */; };
		A51D6D0320827CF4001E6FF4 /* BaseViewController.swift in Sources */ = {isa = PBXBuildFile; fileRef = A51D6D0220827CF4001E6FF4 /* BaseViewController.swift */; };
		A56B5B75209190F500132FDE /* TrackingViewController.swift in Sources */ = {isa = PBXBuildFile; fileRef = A56B5B74209190F500132FDE /* TrackingViewController.swift */; };
		A573BFF220809AAF0064A7DE /* Base.swift in Sources */ = {isa = PBXBuildFile; fileRef = A573BFF120809AAF0064A7DE /* Base.swift */; };
		A5A84FF420807F7400823195 /* AppDelegate.swift in Sources */ = {isa = PBXBuildFile; fileRef = A5A84FF320807F7400823195 /* AppDelegate.swift */; };
		A5A84FF620807F7400823195 /* ViewController.swift in Sources */ = {isa = PBXBuildFile; fileRef = A5A84FF520807F7400823195 /* ViewController.swift */; };
		A5A84FF920807F7400823195 /* Main.storyboard in Resources */ = {isa = PBXBuildFile; fileRef = A5A84FF720807F7400823195 /* Main.storyboard */; };
		A5A84FFB20807F7600823195 /* Assets.xcassets in Resources */ = {isa = PBXBuildFile; fileRef = A5A84FFA20807F7600823195 /* Assets.xcassets */; };
		A5A84FFE20807F7600823195 /* LaunchScreen.storyboard in Resources */ = {isa = PBXBuildFile; fileRef = A5A84FFC20807F7600823195 /* LaunchScreen.storyboard */; };
		A5A8500920807F7600823195 /* CompanionTests.swift in Sources */ = {isa = PBXBuildFile; fileRef = A5A8500820807F7600823195 /* CompanionTests.swift */; };
		A5B67F3A20830A1700764C49 /* Podfile in Resources */ = {isa = PBXBuildFile; fileRef = A5B67F3920830A1700764C49 /* Podfile */; };
		A5BBBC832088561C00F9C4F7 /* UserAuthViewController.swift in Sources */ = {isa = PBXBuildFile; fileRef = A5BBBC822088561C00F9C4F7 /* UserAuthViewController.swift */; };
/* End PBXBuildFile section */

/* Begin PBXContainerItemProxy section */
		A5A8500520807F7600823195 /* PBXContainerItemProxy */ = {
			isa = PBXContainerItemProxy;
			containerPortal = A5A84FE820807F7400823195 /* Project object */;
			proxyType = 1;
			remoteGlobalIDString = A5A84FEF20807F7400823195;
			remoteInfo = Companion;
		};
/* End PBXContainerItemProxy section */

/* Begin PBXFileReference section */
		02970E963878E909671ABBDA /* Pods-Companion.release.xcconfig */ = {isa = PBXFileReference; includeInIndex = 1; lastKnownFileType = text.xcconfig; name = "Pods-Companion.release.xcconfig"; path = "Pods/Target Support Files/Pods-Companion/Pods-Companion.release.xcconfig"; sourceTree = "<group>"; };
		093B16A8B00EA66885C44BCB /* libPods-Companion.a */ = {isa = PBXFileReference; explicitFileType = archive.ar; includeInIndex = 0; path = "libPods-Companion.a"; sourceTree = BUILT_PRODUCTS_DIR; };
		6735E4DFA35FE23A8249890A /* Pods-Companion.debug.xcconfig */ = {isa = PBXFileReference; includeInIndex = 1; lastKnownFileType = text.xcconfig; name = "Pods-Companion.debug.xcconfig"; path = "Pods/Target Support Files/Pods-Companion/Pods-Companion.debug.xcconfig"; sourceTree = "<group>"; };
		A51D6D0220827CF4001E6FF4 /* BaseViewController.swift */ = {isa = PBXFileReference; lastKnownFileType = sourcecode.swift; path = BaseViewController.swift; sourceTree = "<group>"; };
		A56B5B74209190F500132FDE /* TrackingViewController.swift */ = {isa = PBXFileReference; lastKnownFileType = sourcecode.swift; path = TrackingViewController.swift; sourceTree = "<group>"; };
		A573BFF120809AAF0064A7DE /* Base.swift */ = {isa = PBXFileReference; lastKnownFileType = sourcecode.swift; path = Base.swift; sourceTree = "<group>"; };
		A5A84FF020807F7400823195 /* Companion.app */ = {isa = PBXFileReference; explicitFileType = wrapper.application; includeInIndex = 0; path = Companion.app; sourceTree = BUILT_PRODUCTS_DIR; };
		A5A84FF320807F7400823195 /* AppDelegate.swift */ = {isa = PBXFileReference; lastKnownFileType = sourcecode.swift; path = AppDelegate.swift; sourceTree = "<group>"; };
		A5A84FF520807F7400823195 /* ViewController.swift */ = {isa = PBXFileReference; lastKnownFileType = sourcecode.swift; path = ViewController.swift; sourceTree = "<group>"; };
		A5A84FF820807F7400823195 /* Base */ = {isa = PBXFileReference; lastKnownFileType = file.storyboard; name = Base; path = Base.lproj/Main.storyboard; sourceTree = "<group>"; };
		A5A84FFA20807F7600823195 /* Assets.xcassets */ = {isa = PBXFileReference; lastKnownFileType = folder.assetcatalog; path = Assets.xcassets; sourceTree = "<group>"; };
		A5A84FFD20807F7600823195 /* Base */ = {isa = PBXFileReference; lastKnownFileType = file.storyboard; name = Base; path = Base.lproj/LaunchScreen.storyboard; sourceTree = "<group>"; };
		A5A84FFF20807F7600823195 /* Info.plist */ = {isa = PBXFileReference; lastKnownFileType = text.plist.xml; path = Info.plist; sourceTree = "<group>"; };
		A5A8500420807F7600823195 /* CompanionTests.xctest */ = {isa = PBXFileReference; explicitFileType = wrapper.cfbundle; includeInIndex = 0; path = CompanionTests.xctest; sourceTree = BUILT_PRODUCTS_DIR; };
		A5A8500820807F7600823195 /* CompanionTests.swift */ = {isa = PBXFileReference; lastKnownFileType = sourcecode.swift; path = CompanionTests.swift; sourceTree = "<group>"; };
		A5A8500A20807F7600823195 /* Info.plist */ = {isa = PBXFileReference; lastKnownFileType = text.plist.xml; path = Info.plist; sourceTree = "<group>"; };
		A5B67F3920830A1700764C49 /* Podfile */ = {isa = PBXFileReference; lastKnownFileType = text; path = Podfile; sourceTree = "<group>"; xcLanguageSpecificationIdentifier = xcode.lang.ruby; };
		A5BBBC822088561C00F9C4F7 /* UserAuthViewController.swift */ = {isa = PBXFileReference; lastKnownFileType = sourcecode.swift; path = UserAuthViewController.swift; sourceTree = "<group>"; };
/* End PBXFileReference section */

/* Begin PBXFrameworksBuildPhase section */
		A5A84FED20807F7400823195 /* Frameworks */ = {
			isa = PBXFrameworksBuildPhase;
			buildActionMask = 2147483647;
			files = (
				9294B1970FF4EE0287A3CF0C /* libPods-Companion.a in Frameworks */,
			);
			runOnlyForDeploymentPostprocessing = 0;
		};
		A5A8500120807F7600823195 /* Frameworks */ = {
			isa = PBXFrameworksBuildPhase;
			buildActionMask = 2147483647;
			files = (
			);
			runOnlyForDeploymentPostprocessing = 0;
		};
/* End PBXFrameworksBuildPhase section */

/* Begin PBXGroup section */
		3FA819E173224A2ACC5CFA62 /* Frameworks */ = {
			isa = PBXGroup;
			children = (
				093B16A8B00EA66885C44BCB /* libPods-Companion.a */,
			);
			name = Frameworks;
			sourceTree = "<group>";
		};
		672347F8AD3A45B5D771B6B4 /* Pods */ = {
			isa = PBXGroup;
			children = (
				6735E4DFA35FE23A8249890A /* Pods-Companion.debug.xcconfig */,
				02970E963878E909671ABBDA /* Pods-Companion.release.xcconfig */,
			);
			name = Pods;
			sourceTree = "<group>";
		};
		A5A84FE720807F7400823195 = {
			isa = PBXGroup;
			children = (
				A5B67F3920830A1700764C49 /* Podfile */,
				A5A84FF220807F7400823195 /* Companion */,
				A5A8500720807F7600823195 /* CompanionTests */,
				A5A84FF120807F7400823195 /* Products */,
				672347F8AD3A45B5D771B6B4 /* Pods */,
				3FA819E173224A2ACC5CFA62 /* Frameworks */,
			);
			sourceTree = "<group>";
		};
		A5A84FF120807F7400823195 /* Products */ = {
			isa = PBXGroup;
			children = (
				A5A84FF020807F7400823195 /* Companion.app */,
				A5A8500420807F7600823195 /* CompanionTests.xctest */,
			);
			name = Products;
			sourceTree = "<group>";
		};
		A5A84FF220807F7400823195 /* Companion */ = {
			isa = PBXGroup;
			children = (
				A5A84FF320807F7400823195 /* AppDelegate.swift */,
				A5A84FF520807F7400823195 /* ViewController.swift */,
				A5BBBC822088561C00F9C4F7 /* UserAuthViewController.swift */,
				A56B5B74209190F500132FDE /* TrackingViewController.swift */,
				A51D6D0220827CF4001E6FF4 /* BaseViewController.swift */,
				A573BFF120809AAF0064A7DE /* Base.swift */,
				A5A84FF720807F7400823195 /* Main.storyboard */,
				A5A84FFA20807F7600823195 /* Assets.xcassets */,
				A5A84FFC20807F7600823195 /* LaunchScreen.storyboard */,
				A5A84FFF20807F7600823195 /* Info.plist */,
			);
			path = Companion;
			sourceTree = "<group>";
		};
		A5A8500720807F7600823195 /* CompanionTests */ = {
			isa = PBXGroup;
			children = (
				A5A8500820807F7600823195 /* CompanionTests.swift */,
				A5A8500A20807F7600823195 /* Info.plist */,
			);
			path = CompanionTests;
			sourceTree = "<group>";
		};
/* End PBXGroup section */

/* Begin PBXNativeTarget section */
		A5A84FEF20807F7400823195 /* Companion */ = {
			isa = PBXNativeTarget;
			buildConfigurationList = A5A8500D20807F7600823195 /* Build configuration list for PBXNativeTarget "Companion" */;
			buildPhases = (
				8A17D58E88C228205A49F539 /* [CP] Check Pods Manifest.lock */,
				A5A84FEC20807F7400823195 /* Sources */,
				A5A84FED20807F7400823195 /* Frameworks */,
				A5A84FEE20807F7400823195 /* Resources */,
				BD2F16BC25F1B87EC93CCB09 /* [CP] Copy Pods Resources */,
			);
			buildRules = (
			);
			dependencies = (
			);
			name = Companion;
			productName = Companion;
			productReference = A5A84FF020807F7400823195 /* Companion.app */;
			productType = "com.apple.product-type.application";
		};
		A5A8500320807F7600823195 /* CompanionTests */ = {
			isa = PBXNativeTarget;
			buildConfigurationList = A5A8501020807F7600823195 /* Build configuration list for PBXNativeTarget "CompanionTests" */;
			buildPhases = (
				A5A8500020807F7600823195 /* Sources */,
				A5A8500120807F7600823195 /* Frameworks */,
				A5A8500220807F7600823195 /* Resources */,
			);
			buildRules = (
			);
			dependencies = (
				A5A8500620807F7600823195 /* PBXTargetDependency */,
			);
			name = CompanionTests;
			productName = CompanionTests;
			productReference = A5A8500420807F7600823195 /* CompanionTests.xctest */;
			productType = "com.apple.product-type.bundle.unit-test";
		};
/* End PBXNativeTarget section */

/* Begin PBXProject section */
		A5A84FE820807F7400823195 /* Project object */ = {
			isa = PBXProject;
			attributes = {
				LastSwiftUpdateCheck = 0930;
				LastUpgradeCheck = 0930;
				ORGANIZATIONNAME = "David Huang";
				TargetAttributes = {
					A5A84FEF20807F7400823195 = {
						CreatedOnToolsVersion = 9.3;
					};
					A5A8500320807F7600823195 = {
						CreatedOnToolsVersion = 9.3;
						TestTargetID = A5A84FEF20807F7400823195;
					};
				};
			};
			buildConfigurationList = A5A84FEB20807F7400823195 /* Build configuration list for PBXProject "Companion" */;
			compatibilityVersion = "Xcode 9.3";
			developmentRegion = en;
			hasScannedForEncodings = 0;
			knownRegions = (
				en,
				Base,
			);
			mainGroup = A5A84FE720807F7400823195;
			productRefGroup = A5A84FF120807F7400823195 /* Products */;
			projectDirPath = "";
			projectRoot = "";
			targets = (
				A5A84FEF20807F7400823195 /* Companion */,
				A5A8500320807F7600823195 /* CompanionTests */,
			);
		};
/* End PBXProject section */

/* Begin PBXResourcesBuildPhase section */
		A5A84FEE20807F7400823195 /* Resources */ = {
			isa = PBXResourcesBuildPhase;
			buildActionMask = 2147483647;
			files = (
				A5A84FFE20807F7600823195 /* LaunchScreen.storyboard in Resources */,
				A5A84FFB20807F7600823195 /* Assets.xcassets in Resources */,
				A5B67F3A20830A1700764C49 /* Podfile in Resources */,
				A5A84FF920807F7400823195 /* Main.storyboard in Resources */,
			);
			runOnlyForDeploymentPostprocessing = 0;
		};
		A5A8500220807F7600823195 /* Resources */ = {
			isa = PBXResourcesBuildPhase;
			buildActionMask = 2147483647;
			files = (
			);
			runOnlyForDeploymentPostprocessing = 0;
		};
/* End PBXResourcesBuildPhase section */

/* Begin PBXShellScriptBuildPhase section */
		8A17D58E88C228205A49F539 /* [CP] Check Pods Manifest.lock */ = {
			isa = PBXShellScriptBuildPhase;
			buildActionMask = 2147483647;
			files = (
			);
			inputPaths = (
				"${PODS_PODFILE_DIR_PATH}/Podfile.lock",
				"${PODS_ROOT}/Manifest.lock",
			);
			name = "[CP] Check Pods Manifest.lock";
			outputPaths = (
				"$(DERIVED_FILE_DIR)/Pods-Companion-checkManifestLockResult.txt",
			);
			runOnlyForDeploymentPostprocessing = 0;
			shellPath = /bin/sh;
			shellScript = "diff \"${PODS_PODFILE_DIR_PATH}/Podfile.lock\" \"${PODS_ROOT}/Manifest.lock\" > /dev/null\nif [ $? != 0 ] ; then\n    # print error to STDERR\n    echo \"error: The sandbox is not in sync with the Podfile.lock. Run 'pod install' or update your CocoaPods installation.\" >&2\n    exit 1\nfi\n# This output is used by Xcode 'outputs' to avoid re-running this script phase.\necho \"SUCCESS\" > \"${SCRIPT_OUTPUT_FILE_0}\"\n";
			showEnvVarsInLog = 0;
		};
		BD2F16BC25F1B87EC93CCB09 /* [CP] Copy Pods Resources */ = {
			isa = PBXShellScriptBuildPhase;
			buildActionMask = 2147483647;
			files = (
			);
			inputPaths = (
				"${SRCROOT}/Pods/Target Support Files/Pods-Companion/Pods-Companion-resources.sh",
				"${PODS_ROOT}/GooglePlaces/Frameworks/GooglePlaces.framework/Resources/GooglePlaces.bundle",
			);
			name = "[CP] Copy Pods Resources";
			outputPaths = (
				"${TARGET_BUILD_DIR}/${UNLOCALIZED_RESOURCES_FOLDER_PATH}/GooglePlaces.bundle",
			);
			runOnlyForDeploymentPostprocessing = 0;
			shellPath = /bin/sh;
			shellScript = "\"${SRCROOT}/Pods/Target Support Files/Pods-Companion/Pods-Companion-resources.sh\"\n";
			showEnvVarsInLog = 0;
		};
/* End PBXShellScriptBuildPhase section */

/* Begin PBXSourcesBuildPhase section */
		A5A84FEC20807F7400823195 /* Sources */ = {
			isa = PBXSourcesBuildPhase;
			buildActionMask = 2147483647;
			files = (
				A51D6D0320827CF4001E6FF4 /* BaseViewController.swift in Sources */,
				A573BFF220809AAF0064A7DE /* Base.swift in Sources */,
				A5A84FF620807F7400823195 /* ViewController.swift in Sources */,
				A56B5B75209190F500132FDE /* TrackingViewController.swift in Sources */,
				A5A84FF420807F7400823195 /* AppDelegate.swift in Sources */,
				A5BBBC832088561C00F9C4F7 /* UserAuthViewController.swift in Sources */,
			);
			runOnlyForDeploymentPostprocessing = 0;
		};
		A5A8500020807F7600823195 /* Sources */ = {
			isa = PBXSourcesBuildPhase;
			buildActionMask = 2147483647;
			files = (
				A5A8500920807F7600823195 /* CompanionTests.swift in Sources */,
			);
			runOnlyForDeploymentPostprocessing = 0;
		};
/* End PBXSourcesBuildPhase section */

/* Begin PBXTargetDependency section */
		A5A8500620807F7600823195 /* PBXTargetDependency */ = {
			isa = PBXTargetDependency;
			target = A5A84FEF20807F7400823195 /* Companion */;
			targetProxy = A5A8500520807F7600823195 /* PBXContainerItemProxy */;
		};
/* End PBXTargetDependency section */

/* Begin PBXVariantGroup section */
		A5A84FF720807F7400823195 /* Main.storyboard */ = {
			isa = PBXVariantGroup;
			children = (
				A5A84FF820807F7400823195 /* Base */,
			);
			name = Main.storyboard;
			sourceTree = "<group>";
		};
		A5A84FFC20807F7600823195 /* LaunchScreen.storyboard */ = {
			isa = PBXVariantGroup;
			children = (
				A5A84FFD20807F7600823195 /* Base */,
			);
			name = LaunchScreen.storyboard;
			sourceTree = "<group>";
		};
/* End PBXVariantGroup section */

/* Begin XCBuildConfiguration section */
		A5A8500B20807F7600823195 /* Debug */ = {
			isa = XCBuildConfiguration;
			buildSettings = {
				ALWAYS_SEARCH_USER_PATHS = NO;
				CLANG_ANALYZER_NONNULL = YES;
				CLANG_ANALYZER_NUMBER_OBJECT_CONVERSION = YES_AGGRESSIVE;
				CLANG_CXX_LANGUAGE_STANDARD = "gnu++14";
				CLANG_CXX_LIBRARY = "libc++";
				CLANG_ENABLE_MODULES = YES;
				CLANG_ENABLE_OBJC_ARC = YES;
				CLANG_ENABLE_OBJC_WEAK = YES;
				CLANG_WARN_BLOCK_CAPTURE_AUTORELEASING = YES;
				CLANG_WARN_BOOL_CONVERSION = YES;
				CLANG_WARN_COMMA = YES;
				CLANG_WARN_CONSTANT_CONVERSION = YES;
				CLANG_WARN_DEPRECATED_OBJC_IMPLEMENTATIONS = YES;
				CLANG_WARN_DIRECT_OBJC_ISA_USAGE = YES_ERROR;
				CLANG_WARN_DOCUMENTATION_COMMENTS = YES;
				CLANG_WARN_EMPTY_BODY = YES;
				CLANG_WARN_ENUM_CONVERSION = YES;
				CLANG_WARN_INFINITE_RECURSION = YES;
				CLANG_WARN_INT_CONVERSION = YES;
				CLANG_WARN_NON_LITERAL_NULL_CONVERSION = YES;
				CLANG_WARN_OBJC_IMPLICIT_RETAIN_SELF = YES;
				CLANG_WARN_OBJC_LITERAL_CONVERSION = YES;
				CLANG_WARN_OBJC_ROOT_CLASS = YES_ERROR;
				CLANG_WARN_RANGE_LOOP_ANALYSIS = YES;
				CLANG_WARN_STRICT_PROTOTYPES = YES;
				CLANG_WARN_SUSPICIOUS_MOVE = YES;
				CLANG_WARN_UNGUARDED_AVAILABILITY = YES_AGGRESSIVE;
				CLANG_WARN_UNREACHABLE_CODE = YES;
				CLANG_WARN__DUPLICATE_METHOD_MATCH = YES;
				CODE_SIGN_IDENTITY = "iPhone Developer";
				COPY_PHASE_STRIP = NO;
				DEBUG_INFORMATION_FORMAT = dwarf;
				ENABLE_STRICT_OBJC_MSGSEND = YES;
				ENABLE_TESTABILITY = YES;
				GCC_C_LANGUAGE_STANDARD = gnu11;
				GCC_DYNAMIC_NO_PIC = NO;
				GCC_NO_COMMON_BLOCKS = YES;
				GCC_OPTIMIZATION_LEVEL = 0;
				GCC_PREPROCESSOR_DEFINITIONS = (
					"DEBUG=1",
					"$(inherited)",
				);
				GCC_WARN_64_TO_32_BIT_CONVERSION = YES;
				GCC_WARN_ABOUT_RETURN_TYPE = YES_ERROR;
				GCC_WARN_UNDECLARED_SELECTOR = YES;
				GCC_WARN_UNINITIALIZED_AUTOS = YES_AGGRESSIVE;
				GCC_WARN_UNUSED_FUNCTION = YES;
				GCC_WARN_UNUSED_VARIABLE = YES;
				IPHONEOS_DEPLOYMENT_TARGET = 11.3;
				MTL_ENABLE_DEBUG_INFO = YES;
				ONLY_ACTIVE_ARCH = YES;
				SDKROOT = iphoneos;
				SWIFT_ACTIVE_COMPILATION_CONDITIONS = DEBUG;
				SWIFT_OPTIMIZATION_LEVEL = "-Onone";
			};
			name = Debug;
		};
		A5A8500C20807F7600823195 /* Release */ = {
			isa = XCBuildConfiguration;
			buildSettings = {
				ALWAYS_SEARCH_USER_PATHS = NO;
				CLANG_ANALYZER_NONNULL = YES;
				CLANG_ANALYZER_NUMBER_OBJECT_CONVERSION = YES_AGGRESSIVE;
				CLANG_CXX_LANGUAGE_STANDARD = "gnu++14";
				CLANG_CXX_LIBRARY = "libc++";
				CLANG_ENABLE_MODULES = YES;
				CLANG_ENABLE_OBJC_ARC = YES;
				CLANG_ENABLE_OBJC_WEAK = YES;
				CLANG_WARN_BLOCK_CAPTURE_AUTORELEASING = YES;
				CLANG_WARN_BOOL_CONVERSION = YES;
				CLANG_WARN_COMMA = YES;
				CLANG_WARN_CONSTANT_CONVERSION = YES;
				CLANG_WARN_DEPRECATED_OBJC_IMPLEMENTATIONS = YES;
				CLANG_WARN_DIRECT_OBJC_ISA_USAGE = YES_ERROR;
				CLANG_WARN_DOCUMENTATION_COMMENTS = YES;
				CLANG_WARN_EMPTY_BODY = YES;
				CLANG_WARN_ENUM_CONVERSION = YES;
				CLANG_WARN_INFINITE_RECURSION = YES;
				CLANG_WARN_INT_CONVERSION = YES;
				CLANG_WARN_NON_LITERAL_NULL_CONVERSION = YES;
				CLANG_WARN_OBJC_IMPLICIT_RETAIN_SELF = YES;
				CLANG_WARN_OBJC_LITERAL_CONVERSION = YES;
				CLANG_WARN_OBJC_ROOT_CLASS = YES_ERROR;
				CLANG_WARN_RANGE_LOOP_ANALYSIS = YES;
				CLANG_WARN_STRICT_PROTOTYPES = YES;
				CLANG_WARN_SUSPICIOUS_MOVE = YES;
				CLANG_WARN_UNGUARDED_AVAILABILITY = YES_AGGRESSIVE;
				CLANG_WARN_UNREACHABLE_CODE = YES;
				CLANG_WARN__DUPLICATE_METHOD_MATCH = YES;
				CODE_SIGN_IDENTITY = "iPhone Developer";
				COPY_PHASE_STRIP = NO;
				DEBUG_INFORMATION_FORMAT = "dwarf-with-dsym";
				ENABLE_NS_ASSERTIONS = NO;
				ENABLE_STRICT_OBJC_MSGSEND = YES;
				GCC_C_LANGUAGE_STANDARD = gnu11;
				GCC_NO_COMMON_BLOCKS = YES;
				GCC_WARN_64_TO_32_BIT_CONVERSION = YES;
				GCC_WARN_ABOUT_RETURN_TYPE = YES_ERROR;
				GCC_WARN_UNDECLARED_SELECTOR = YES;
				GCC_WARN_UNINITIALIZED_AUTOS = YES_AGGRESSIVE;
				GCC_WARN_UNUSED_FUNCTION = YES;
				GCC_WARN_UNUSED_VARIABLE = YES;
				IPHONEOS_DEPLOYMENT_TARGET = 11.3;
				MTL_ENABLE_DEBUG_INFO = NO;
				SDKROOT = iphoneos;
				SWIFT_COMPILATION_MODE = wholemodule;
				SWIFT_OPTIMIZATION_LEVEL = "-O";
				VALIDATE_PRODUCT = YES;
			};
			name = Release;
		};
		A5A8500E20807F7600823195 /* Debug */ = {
			isa = XCBuildConfiguration;
			baseConfigurationReference = 6735E4DFA35FE23A8249890A /* Pods-Companion.debug.xcconfig */;
			buildSettings = {
				ASSETCATALOG_COMPILER_APPICON_NAME = AppIcon;
				CODE_SIGN_STYLE = Automatic;
				INFOPLIST_FILE = Companion/Info.plist;
				LD_RUNPATH_SEARCH_PATHS = (
					"$(inherited)",
					"@executable_path/Frameworks",
				);
				PRODUCT_BUNDLE_IDENTIFIER = com.example..Companion;
				PRODUCT_NAME = "$(TARGET_NAME)";
				SWIFT_VERSION = 4.0;
				TARGETED_DEVICE_FAMILY = "1,2";
			};
			name = Debug;
		};
		A5A8500F20807F7600823195 /* Release */ = {
			isa = XCBuildConfiguration;
			baseConfigurationReference = 02970E963878E909671ABBDA /* Pods-Companion.release.xcconfig */;
			buildSettings = {
				ASSETCATALOG_COMPILER_APPICON_NAME = AppIcon;
				CODE_SIGN_STYLE = Automatic;
				INFOPLIST_FILE = Companion/Info.plist;
				LD_RUNPATH_SEARCH_PATHS = (
					"$(inherited)",
					"@executable_path/Frameworks",
				);
				PRODUCT_BUNDLE_IDENTIFIER = com.example..Companion;
				PRODUCT_NAME = "$(TARGET_NAME)";
				SWIFT_VERSION = 4.0;
				TARGETED_DEVICE_FAMILY = "1,2";
			};
			name = Release;
		};
		A5A8501120807F7600823195 /* Debug */ = {
			isa = XCBuildConfiguration;
			buildSettings = {
				ALWAYS_EMBED_SWIFT_STANDARD_LIBRARIES = YES;
				BUNDLE_LOADER = "$(TEST_HOST)";
				CODE_SIGN_STYLE = Automatic;
				INFOPLIST_FILE = CompanionTests/Info.plist;
				LD_RUNPATH_SEARCH_PATHS = (
					"$(inherited)",
					"@executable_path/Frameworks",
					"@loader_path/Frameworks",
				);
				PRODUCT_BUNDLE_IDENTIFIER = com.example..CompanionTests;
				PRODUCT_NAME = "$(TARGET_NAME)";
				SWIFT_VERSION = 4.0;
				TARGETED_DEVICE_FAMILY = "1,2";
				TEST_HOST = "$(BUILT_PRODUCTS_DIR)/Companion.app/Companion";
			};
			name = Debug;
		};
		A5A8501220807F7600823195 /* Release */ = {
			isa = XCBuildConfiguration;
			buildSettings = {
				ALWAYS_EMBED_SWIFT_STANDARD_LIBRARIES = YES;
				BUNDLE_LOADER = "$(TEST_HOST)";
				CODE_SIGN_STYLE = Automatic;
				INFOPLIST_FILE = CompanionTests/Info.plist;
				LD_RUNPATH_SEARCH_PATHS = (
					"$(inherited)",
					"@executable_path/Frameworks",
					"@loader_path/Frameworks",
				);
				PRODUCT_BUNDLE_IDENTIFIER = com.example..CompanionTests;
				PRODUCT_NAME = "$(TARGET_NAME)";
				SWIFT_VERSION = 4.0;
				TARGETED_DEVICE_FAMILY = "1,2";
				TEST_HOST = "$(BUILT_PRODUCTS_DIR)/Companion.app/Companion";
			};
			name = Release;
		};
/* End XCBuildConfiguration section */

/* Begin XCConfigurationList section */
		A5A84FEB20807F7400823195 /* Build configuration list for PBXProject "Companion" */ = {
			isa = XCConfigurationList;
			buildConfigurations = (
				A5A8500B20807F7600823195 /* Debug */,
				A5A8500C20807F7600823195 /* Release */,
			);
			defaultConfigurationIsVisible = 0;
			defaultConfigurationName = Release;
		};
		A5A8500D20807F7600823195 /* Build configuration list for PBXNativeTarget "Companion" */ = {
			isa = XCConfigurationList;
			buildConfigurations = (
				A5A8500E20807F7600823195 /* Debug */,
				A5A8500F20807F7600823195 /* Release */,
			);
			defaultConfigurationIsVisible = 0;
			defaultConfigurationName = Release;
		};
		A5A8501020807F7600823195 /* Build configuration list for PBXNativeTarget "CompanionTests" */ = {
			isa = XCConfigurationList;
			buildConfigurations = (
				A5A8501120807F7600823195 /* Debug */,
				A5A8501220807F7600823195 /* Release */,
			);
			defaultConfigurationIsVisible = 0;
			defaultConfigurationName = Release;
		};
/* End XCConfigurationList section */
	};
	rootObject = A5A84FE820807F7400823195 /* Project object */;
}
